
Microsoft Visual Studio Solution File, Format Version 12.00
# Visual Studio Version 17
VisualStudioVersion = 17.11.35222.181
MinimumVisualStudioVersion = 10.0.40219.1
Project("{9A19103F-16F7-4668-BE54-9A1E7A4F7556}") = "Kytame", "Kytame\Kytame.csproj", "{CDBADCF3-540E-46E3-8611-9CBACFB45055}"
EndProject
Project("{9A19103F-16F7-4668-BE54-9A1E7A4F7556}") = "Kytame.Client", "Kytame.Client\Kytame.Client.csproj", "{253BE8E9-F1D6-433E-BAC7-AD48036EC2F7}"
EndProject
Global
	GlobalSection(SolutionConfigurationPlatforms) = preSolution
		Debug|Any CPU = Debug|Any CPU
		Release|Any CPU = Release|Any CPU
	EndGlobalSection
	GlobalSection(ProjectConfigurationPlatforms) = postSolution
		{CDBADCF3-540E-46E3-8611-9CBACFB45055}.Debug|Any CPU.ActiveCfg = Debug|Any CPU
		{CDBADCF3-540E-46E3-8611-9CBACFB45055}.Debug|Any CPU.Build.0 = Debug|Any CPU
		{CDBADCF3-540E-46E3-8611-9CBACFB45055}.Release|Any CPU.ActiveCfg = Release|Any CPU
		{CDBADCF3-540E-46E3-8611-9CBACFB45055}.Release|Any CPU.Build.0 = Release|Any CPU
		{253BE8E9-F1D6-433E-BAC7-AD48036EC2F7}.Debug|Any CPU.ActiveCfg = Debug|Any CPU
		{253BE8E9-F1D6-433E-BAC7-AD48036EC2F7}.Debug|Any CPU.Build.0 = Debug|Any CPU
		{253BE8E9-F1D6-433E-BAC7-AD48036EC2F7}.Release|Any CPU.ActiveCfg = Release|Any CPU
		{253BE8E9-F1D6-433E-BAC7-AD48036EC2F7}.Release|Any CPU.Build.0 = Release|Any CPU
	EndGlobalSection
	GlobalSection(SolutionProperties) = preSolution
		HideSolutionNode = FALSE
	EndGlobalSection
	GlobalSection(ExtensibilityGlobals) = postSolution
		SolutionGuid = {ACA0FF25-36F7-4F7B-9FF0-ECF0BB69E3CB}
	EndGlobalSection
EndGlobal
